// !$*UTF8*$!
{
	archiveVersion = 1;
	classes = {
	};
	objectVersion = 46;
	objects = {

/* Begin PBXBuildFile section */
		030E7FB71B3B2EB2009B3EB8 /* NSWindow+CanBecomeKeyWindow.swift in Sources */ = {isa = PBXBuildFile; fileRef = 030E7FB21B3B2EB2009B3EB8 /* NSWindow+CanBecomeKeyWindow.swift */; };
		030E7FB81B3B2EB2009B3EB8 /* WebView+Key.m in Sources */ = {isa = PBXBuildFile; fileRef = 030E7FB41B3B2EB2009B3EB8 /* WebView+Key.m */; };
		030E7FBA1B3B2F00009B3EB8 /* LoginItem.swift in Sources */ = {isa = PBXBuildFile; fileRef = 030E7FB91B3B2F00009B3EB8 /* LoginItem.swift */; };
		030E7FBC1B3B3053009B3EB8 /* ApplicationFolder.swift in Sources */ = {isa = PBXBuildFile; fileRef = 030E7FBB1B3B3053009B3EB8 /* ApplicationFolder.swift */; };
		0315897319FD4E0D002D5A7C /* AboutWindowController.swift in Sources */ = {isa = PBXBuildFile; fileRef = 0315897219FD4E0D002D5A7C /* AboutWindowController.swift */; };
		0315897519FD5069002D5A7C /* Label.swift in Sources */ = {isa = PBXBuildFile; fileRef = 0315897419FD5069002D5A7C /* Label.swift */; };
		0315897819FD50E1002D5A7C /* LabelButton.swift in Sources */ = {isa = PBXBuildFile; fileRef = 0315897719FD50E1002D5A7C /* LabelButton.swift */; };
		0320F9FD18AA6D9000D989F6 /* Security.framework in Frameworks */ = {isa = PBXBuildFile; fileRef = 0320F9FC18AA6D9000D989F6 /* Security.framework */; };
		0322CF7E17AE9965007E832C /* Cocoa.framework in Frameworks */ = {isa = PBXBuildFile; fileRef = 0322CF7D17AE9965007E832C /* Cocoa.framework */; };
		0322CF9E17AE9BBB007E832C /* WebKit.framework in Frameworks */ = {isa = PBXBuildFile; fileRef = 0322CF9D17AE9BBB007E832C /* WebKit.framework */; };
		0322CFA517AF3A6C007E832C /* Carbon.framework in Frameworks */ = {isa = PBXBuildFile; fileRef = 0322CFA417AF3A6C007E832C /* Carbon.framework */; };
		0328DE081A0FA00D00160E93 /* AllkdicTests.swift in Sources */ = {isa = PBXBuildFile; fileRef = 0328DE071A0FA00D00160E93 /* AllkdicTests.swift */; };
		0349451719FB8D4D00D7AEE2 /* AppDelegate.swift in Sources */ = {isa = PBXBuildFile; fileRef = 0349451619FB8D4D00D7AEE2 /* AppDelegate.swift */; };
		0349451A19FB9D1800D7AEE2 /* AKHotKeyManager.m in Sources */ = {isa = PBXBuildFile; fileRef = 0349451919FB9D1800D7AEE2 /* AKHotKeyManager.m */; };
		0349451E19FBB01700D7AEE2 /* main.swift in Sources */ = {isa = PBXBuildFile; fileRef = 0349451D19FBB01700D7AEE2 /* main.swift */; };
		0349452019FBB24100D7AEE2 /* AllkdicManager.swift in Sources */ = {isa = PBXBuildFile; fileRef = 0349451F19FBB24100D7AEE2 /* AllkdicManager.swift */; };
		0349452219FBB68D00D7AEE2 /* Constants.swift in Sources */ = {isa = PBXBuildFile; fileRef = 0349452119FBB68D00D7AEE2 /* Constants.swift */; };
		0349452419FBEE7100D7AEE2 /* ContentViewController.swift in Sources */ = {isa = PBXBuildFile; fileRef = 0349452319FBEE7100D7AEE2 /* ContentViewController.swift */; };
		0362B0CC19FD146B00C88610 /* PreferenceWindowController.swift in Sources */ = {isa = PBXBuildFile; fileRef = 0362B0CB19FD146B00C88610 /* PreferenceWindowController.swift */; };
		0362B0CE19FD2D2B00C88610 /* WindowController.swift in Sources */ = {isa = PBXBuildFile; fileRef = 0362B0CD19FD2D2B00C88610 /* WindowController.swift */; };
		0367293617B00CEC0074D249 /* InfoPlist.strings in Resources */ = {isa = PBXBuildFile; fileRef = 0367293317B00CEC0074D249 /* InfoPlist.strings */; };
		0367297717B052B70074D249 /* dsa_pub.pem in Resources */ = {isa = PBXBuildFile; fileRef = 0367297617B052B70074D249 /* dsa_pub.pem */; };
		038DDCA81A051BE700754ECC /* KeyBinding.swift in Sources */ = {isa = PBXBuildFile; fileRef = 038DDCA71A051BE700754ECC /* KeyBinding.swift */; };
		038DDCAA1A051DA800754ECC /* KeyMap.swift in Sources */ = {isa = PBXBuildFile; fileRef = 038DDCA91A051DA800754ECC /* KeyMap.swift */; };
		038DDCAD1A0536EA00754ECC /* AppKit.framework in Frameworks */ = {isa = PBXBuildFile; fileRef = 0322CF8017AE9965007E832C /* AppKit.framework */; };
		03A5C49C1A05FDFF001122AB /* Images.xcassets in Resources */ = {isa = PBXBuildFile; fileRef = 03A5C49B1A05FDFF001122AB /* Images.xcassets */; };
		D29FCA7C881A07C7B10053C7 /* Pods.framework in Frameworks */ = {isa = PBXBuildFile; fileRef = 609979FA74B410CEF173FA53 /* Pods.framework */; settings = {ATTRIBUTES = (Weak, ); }; };
/* End PBXBuildFile section */

/* Begin PBXContainerItemProxy section */
		0328DE091A0FA00D00160E93 /* PBXContainerItemProxy */ = {
			isa = PBXContainerItemProxy;
			containerPortal = 0322CF7217AE9964007E832C /* Project object */;
			proxyType = 1;
			remoteGlobalIDString = 0322CF7917AE9964007E832C;
			remoteInfo = Allkdic;
		};
/* End PBXContainerItemProxy section */

/* Begin PBXCopyFilesBuildPhase section */
		0303EDE91A066C8D00076CDF /* Embed Frameworks */ = {
			isa = PBXCopyFilesBuildPhase;
			buildActionMask = 2147483647;
			dstPath = "";
			dstSubfolderSpec = 10;
			files = (
			);
			name = "Embed Frameworks";
			runOnlyForDeploymentPostprocessing = 0;
		};
/* End PBXCopyFilesBuildPhase section */

/* Begin PBXFileReference section */
		030E7FB21B3B2EB2009B3EB8 /* NSWindow+CanBecomeKeyWindow.swift */ = {isa = PBXFileReference; fileEncoding = 4; lastKnownFileType = sourcecode.swift; path = "NSWindow+CanBecomeKeyWindow.swift"; sourceTree = "<group>"; };
		030E7FB31B3B2EB2009B3EB8 /* WebView+Key.h */ = {isa = PBXFileReference; fileEncoding = 4; lastKnownFileType = sourcecode.c.h; path = "WebView+Key.h"; sourceTree = "<group>"; };
		030E7FB41B3B2EB2009B3EB8 /* WebView+Key.m */ = {isa = PBXFileReference; fileEncoding = 4; lastKnownFileType = sourcecode.c.objc; path = "WebView+Key.m"; sourceTree = "<group>"; };
		030E7FB91B3B2F00009B3EB8 /* LoginItem.swift */ = {isa = PBXFileReference; fileEncoding = 4; lastKnownFileType = sourcecode.swift; path = LoginItem.swift; sourceTree = "<group>"; };
		030E7FBB1B3B3053009B3EB8 /* ApplicationFolder.swift */ = {isa = PBXFileReference; fileEncoding = 4; lastKnownFileType = sourcecode.swift; path = ApplicationFolder.swift; sourceTree = "<group>"; };
		0315897219FD4E0D002D5A7C /* AboutWindowController.swift */ = {isa = PBXFileReference; fileEncoding = 4; lastKnownFileType = sourcecode.swift; path = AboutWindowController.swift; sourceTree = "<group>"; };
		0315897419FD5069002D5A7C /* Label.swift */ = {isa = PBXFileReference; fileEncoding = 4; lastKnownFileType = sourcecode.swift; name = Label.swift; path = Allkdic/Controls/Label.swift; sourceTree = SOURCE_ROOT; };
		0315897719FD50E1002D5A7C /* LabelButton.swift */ = {isa = PBXFileReference; fileEncoding = 4; lastKnownFileType = sourcecode.swift; name = LabelButton.swift; path = Allkdic/Controls/LabelButton.swift; sourceTree = SOURCE_ROOT; };
		0320F9FC18AA6D9000D989F6 /* Security.framework */ = {isa = PBXFileReference; lastKnownFileType = wrapper.framework; name = Security.framework; path = System/Library/Frameworks/Security.framework; sourceTree = SDKROOT; };
		0322CF7A17AE9965007E832C /* Allkdic.app */ = {isa = PBXFileReference; explicitFileType = wrapper.application; includeInIndex = 0; path = Allkdic.app; sourceTree = BUILT_PRODUCTS_DIR; };
		0322CF7D17AE9965007E832C /* Cocoa.framework */ = {isa = PBXFileReference; lastKnownFileType = wrapper.framework; name = Cocoa.framework; path = System/Library/Frameworks/Cocoa.framework; sourceTree = SDKROOT; };
		0322CF8017AE9965007E832C /* AppKit.framework */ = {isa = PBXFileReference; lastKnownFileType = wrapper.framework; name = AppKit.framework; path = System/Library/Frameworks/AppKit.framework; sourceTree = SDKROOT; };
		0322CF8117AE9965007E832C /* CoreData.framework */ = {isa = PBXFileReference; lastKnownFileType = wrapper.framework; name = CoreData.framework; path = System/Library/Frameworks/CoreData.framework; sourceTree = SDKROOT; };
		0322CF8217AE9965007E832C /* Foundation.framework */ = {isa = PBXFileReference; lastKnownFileType = wrapper.framework; name = Foundation.framework; path = System/Library/Frameworks/Foundation.framework; sourceTree = SDKROOT; };
		0322CF9D17AE9BBB007E832C /* WebKit.framework */ = {isa = PBXFileReference; lastKnownFileType = wrapper.framework; name = WebKit.framework; path = System/Library/Frameworks/WebKit.framework; sourceTree = SDKROOT; };
		0322CFA417AF3A6C007E832C /* Carbon.framework */ = {isa = PBXFileReference; lastKnownFileType = wrapper.framework; name = Carbon.framework; path = System/Library/Frameworks/Carbon.framework; sourceTree = SDKROOT; };
		0328DE031A0FA00D00160E93 /* AllkdicTests.xctest */ = {isa = PBXFileReference; explicitFileType = wrapper.cfbundle; includeInIndex = 0; path = AllkdicTests.xctest; sourceTree = BUILT_PRODUCTS_DIR; };
		0328DE061A0FA00D00160E93 /* Info.plist */ = {isa = PBXFileReference; lastKnownFileType = text.plist.xml; path = Info.plist; sourceTree = "<group>"; };
		0328DE071A0FA00D00160E93 /* AllkdicTests.swift */ = {isa = PBXFileReference; lastKnownFileType = sourcecode.swift; path = AllkdicTests.swift; sourceTree = "<group>"; };
		0349451619FB8D4D00D7AEE2 /* AppDelegate.swift */ = {isa = PBXFileReference; fileEncoding = 4; lastKnownFileType = sourcecode.swift; name = AppDelegate.swift; path = Allkdic/AppDelegate.swift; sourceTree = SOURCE_ROOT; };
		0349451819FB8D8000D7AEE2 /* Allkdic-Bridging-Header.h */ = {isa = PBXFileReference; lastKnownFileType = sourcecode.c.h; name = "Allkdic-Bridging-Header.h"; path = "Allkdic/Allkdic-Bridging-Header.h"; sourceTree = SOURCE_ROOT; };
		0349451919FB9D1800D7AEE2 /* AKHotKeyManager.m */ = {isa = PBXFileReference; fileEncoding = 4; lastKnownFileType = sourcecode.c.objc; name = AKHotKeyManager.m; path = Allkdic/Managers/AKHotKeyManager.m; sourceTree = SOURCE_ROOT; };
		0349451C19FB9D2B00D7AEE2 /* AKHotKeyManager.h */ = {isa = PBXFileReference; lastKnownFileType = sourcecode.c.h; name = AKHotKeyManager.h; path = Allkdic/Managers/AKHotKeyManager.h; sourceTree = SOURCE_ROOT; };
		0349451D19FBB01700D7AEE2 /* main.swift */ = {isa = PBXFileReference; fileEncoding = 4; lastKnownFileType = sourcecode.swift; name = main.swift; path = Allkdic/main.swift; sourceTree = SOURCE_ROOT; };
		0349451F19FBB24100D7AEE2 /* AllkdicManager.swift */ = {isa = PBXFileReference; fileEncoding = 4; lastKnownFileType = sourcecode.swift; name = AllkdicManager.swift; path = Allkdic/Managers/AllkdicManager.swift; sourceTree = SOURCE_ROOT; };
		0349452119FBB68D00D7AEE2 /* Constants.swift */ = {isa = PBXFileReference; fileEncoding = 4; lastKnownFileType = sourcecode.swift; name = Constants.swift; path = Allkdic/Constants.swift; sourceTree = SOURCE_ROOT; };
		0349452319FBEE7100D7AEE2 /* ContentViewController.swift */ = {isa = PBXFileReference; fileEncoding = 4; lastKnownFileType = sourcecode.swift; path = ContentViewController.swift; sourceTree = "<group>"; };
		0362B0CB19FD146B00C88610 /* PreferenceWindowController.swift */ = {isa = PBXFileReference; fileEncoding = 4; lastKnownFileType = sourcecode.swift; path = PreferenceWindowController.swift; sourceTree = "<group>"; };
		0362B0CD19FD2D2B00C88610 /* WindowController.swift */ = {isa = PBXFileReference; fileEncoding = 4; lastKnownFileType = sourcecode.swift; path = WindowController.swift; sourceTree = "<group>"; };
		0367292D17B00CD90074D249 /* Allkdic-Info.plist */ = {isa = PBXFileReference; lastKnownFileType = text.plist.xml; name = "Allkdic-Info.plist"; path = "Allkdic/Allkdic-Info.plist"; sourceTree = SOURCE_ROOT; };
		0367293417B00CEC0074D249 /* en */ = {isa = PBXFileReference; lastKnownFileType = text.plist.strings; name = en; path = Allkdic/en.lproj/InfoPlist.strings; sourceTree = SOURCE_ROOT; };
		0367297617B052B70074D249 /* dsa_pub.pem */ = {isa = PBXFileReference; fileEncoding = 4; lastKnownFileType = text; path = dsa_pub.pem; sourceTree = "<group>"; };
		038DDCA71A051BE700754ECC /* KeyBinding.swift */ = {isa = PBXFileReference; fileEncoding = 4; lastKnownFileType = sourcecode.swift; name = KeyBinding.swift; path = Allkdic/Models/KeyBinding.swift; sourceTree = SOURCE_ROOT; };
		038DDCA91A051DA800754ECC /* KeyMap.swift */ = {isa = PBXFileReference; fileEncoding = 4; lastKnownFileType = sourcecode.swift; name = KeyMap.swift; path = Allkdic/Models/KeyMap.swift; sourceTree = SOURCE_ROOT; };
		03A5C49B1A05FDFF001122AB /* Images.xcassets */ = {isa = PBXFileReference; lastKnownFileType = folder.assetcatalog; path = Images.xcassets; sourceTree = "<group>"; };
		2E78F3D61C060A3A00C1CAC1 /* Pods.release.xcconfig */ = {isa = PBXFileReference; includeInIndex = 1; lastKnownFileType = text.xcconfig; name = Pods.release.xcconfig; path = "Pods/Target Support Files/Pods/Pods.release.xcconfig"; sourceTree = "<group>"; };
		609979FA74B410CEF173FA53 /* Pods.framework */ = {isa = PBXFileReference; explicitFileType = wrapper.framework; includeInIndex = 0; path = Pods.framework; sourceTree = BUILT_PRODUCTS_DIR; };
		9CF50E65AF462DCCD5388442 /* Pods.debug.xcconfig */ = {isa = PBXFileReference; includeInIndex = 1; lastKnownFileType = text.xcconfig; name = Pods.debug.xcconfig; path = "Pods/Target Support Files/Pods/Pods.debug.xcconfig"; sourceTree = "<group>"; };
/* End PBXFileReference section */

/* Begin PBXFrameworksBuildPhase section */
		0322CF7717AE9964007E832C /* Frameworks */ = {
			isa = PBXFrameworksBuildPhase;
			buildActionMask = 2147483647;
			files = (
				038DDCAD1A0536EA00754ECC /* AppKit.framework in Frameworks */,
				0320F9FD18AA6D9000D989F6 /* Security.framework in Frameworks */,
				0322CFA517AF3A6C007E832C /* Carbon.framework in Frameworks */,
				0322CF9E17AE9BBB007E832C /* WebKit.framework in Frameworks */,
				0322CF7E17AE9965007E832C /* Cocoa.framework in Frameworks */,
				D29FCA7C881A07C7B10053C7 /* Pods.framework in Frameworks */,
			);
			runOnlyForDeploymentPostprocessing = 0;
		};
		0328DE001A0FA00D00160E93 /* Frameworks */ = {
			isa = PBXFrameworksBuildPhase;
			buildActionMask = 2147483647;
			files = (
			);
			runOnlyForDeploymentPostprocessing = 0;
		};
/* End PBXFrameworksBuildPhase section */

/* Begin PBXGroup section */
		030E7FAE1B3B2EB2009B3EB8 /* Utils */ = {
			isa = PBXGroup;
			children = (
				030E7FBB1B3B3053009B3EB8 /* ApplicationFolder.swift */,
				030E7FB91B3B2F00009B3EB8 /* LoginItem.swift */,
				030E7FB21B3B2EB2009B3EB8 /* NSWindow+CanBecomeKeyWindow.swift */,
				030E7FB31B3B2EB2009B3EB8 /* WebView+Key.h */,
				030E7FB41B3B2EB2009B3EB8 /* WebView+Key.m */,
			);
			name = Utils;
			path = Allkdic/Utils;
			sourceTree = SOURCE_ROOT;
		};
		0315897619FD506D002D5A7C /* Controls */ = {
			isa = PBXGroup;
			children = (
				0315897419FD5069002D5A7C /* Label.swift */,
				0315897719FD50E1002D5A7C /* LabelButton.swift */,
			);
			name = Controls;
			sourceTree = "<group>";
		};
		0322CF7117AE9964007E832C = {
			isa = PBXGroup;
			children = (
				0322CF8317AE9965007E832C /* Allkdic */,
				0322CF9F17AF389B007E832C /* Resources */,
				0328DE041A0FA00D00160E93 /* AllkdicTests */,
				0322CF7C17AE9965007E832C /* Frameworks */,
				0322CF7B17AE9965007E832C /* Products */,
				E8F9185393147B8ECD161271 /* Pods */,
			);
			sourceTree = "<group>";
		};
		0322CF7B17AE9965007E832C /* Products */ = {
			isa = PBXGroup;
			children = (
				0322CF7A17AE9965007E832C /* Allkdic.app */,
				0328DE031A0FA00D00160E93 /* AllkdicTests.xctest */,
			);
			name = Products;
			sourceTree = "<group>";
		};
		0322CF7C17AE9965007E832C /* Frameworks */ = {
			isa = PBXGroup;
			children = (
				0320F9FC18AA6D9000D989F6 /* Security.framework */,
				0322CFA417AF3A6C007E832C /* Carbon.framework */,
				0322CF9D17AE9BBB007E832C /* WebKit.framework */,
				0322CF7D17AE9965007E832C /* Cocoa.framework */,
				0322CF7F17AE9965007E832C /* Other Frameworks */,
				609979FA74B410CEF173FA53 /* Pods.framework */,
			);
			name = Frameworks;
			sourceTree = "<group>";
		};
		0322CF7F17AE9965007E832C /* Other Frameworks */ = {
			isa = PBXGroup;
			children = (
				0322CF8017AE9965007E832C /* AppKit.framework */,
				0322CF8117AE9965007E832C /* CoreData.framework */,
				0322CF8217AE9965007E832C /* Foundation.framework */,
			);
			name = "Other Frameworks";
			sourceTree = "<group>";
		};
		0322CF8317AE9965007E832C /* Allkdic */ = {
			isa = PBXGroup;
			children = (
				0349452119FBB68D00D7AEE2 /* Constants.swift */,
				0349451619FB8D4D00D7AEE2 /* AppDelegate.swift */,
				0349451B19FB9D1D00D7AEE2 /* Managers */,
				0315897619FD506D002D5A7C /* Controls */,
				0367295D17B0458D0074D249 /* Controllers */,
				0324201017E38EC3003025E3 /* Models */,
				030E7FAE1B3B2EB2009B3EB8 /* Utils */,
				0322CF8417AE9965007E832C /* Supporting Files */,
			);
			name = Allkdic;
			path = PocketDictionary;
			sourceTree = "<group>";
		};
		0322CF8417AE9965007E832C /* Supporting Files */ = {
			isa = PBXGroup;
			children = (
				0349451D19FBB01700D7AEE2 /* main.swift */,
				0349451819FB8D8000D7AEE2 /* Allkdic-Bridging-Header.h */,
				0367292D17B00CD90074D249 /* Allkdic-Info.plist */,
				0367293317B00CEC0074D249 /* InfoPlist.strings */,
			);
			name = "Supporting Files";
			sourceTree = "<group>";
		};
		0322CF9F17AF389B007E832C /* Resources */ = {
			isa = PBXGroup;
			children = (
				03A5C49B1A05FDFF001122AB /* Images.xcassets */,
				0367297617B052B70074D249 /* dsa_pub.pem */,
			);
			path = Resources;
			sourceTree = "<group>";
		};
		0324201017E38EC3003025E3 /* Models */ = {
			isa = PBXGroup;
			children = (
				038DDCA91A051DA800754ECC /* KeyMap.swift */,
				038DDCA71A051BE700754ECC /* KeyBinding.swift */,
			);
			name = Models;
			sourceTree = "<group>";
		};
		0328DE041A0FA00D00160E93 /* AllkdicTests */ = {
			isa = PBXGroup;
			children = (
				0328DE071A0FA00D00160E93 /* AllkdicTests.swift */,
				0328DE051A0FA00D00160E93 /* Supporting Files */,
			);
			path = AllkdicTests;
			sourceTree = "<group>";
		};
		0328DE051A0FA00D00160E93 /* Supporting Files */ = {
			isa = PBXGroup;
			children = (
				0328DE061A0FA00D00160E93 /* Info.plist */,
			);
			name = "Supporting Files";
			sourceTree = "<group>";
		};
		0349451B19FB9D1D00D7AEE2 /* Managers */ = {
			isa = PBXGroup;
			children = (
				0349451F19FBB24100D7AEE2 /* AllkdicManager.swift */,
				0349451C19FB9D2B00D7AEE2 /* AKHotKeyManager.h */,
				0349451919FB9D1800D7AEE2 /* AKHotKeyManager.m */,
			);
			name = Managers;
			sourceTree = "<group>";
		};
		0367295D17B0458D0074D249 /* Controllers */ = {
			isa = PBXGroup;
			children = (
				0349452319FBEE7100D7AEE2 /* ContentViewController.swift */,
				0362B0CD19FD2D2B00C88610 /* WindowController.swift */,
				0362B0CB19FD146B00C88610 /* PreferenceWindowController.swift */,
				0315897219FD4E0D002D5A7C /* AboutWindowController.swift */,
			);
			name = Controllers;
			path = Allkdic/Controllers;
			sourceTree = SOURCE_ROOT;
		};
		E8F9185393147B8ECD161271 /* Pods */ = {
			isa = PBXGroup;
			children = (
				9CF50E65AF462DCCD5388442 /* Pods.debug.xcconfig */,
				2E78F3D61C060A3A00C1CAC1 /* Pods.release.xcconfig */,
			);
			name = Pods;
			sourceTree = "<group>";
		};
/* End PBXGroup section */

/* Begin PBXNativeTarget section */
		0322CF7917AE9964007E832C /* Allkdic */ = {
			isa = PBXNativeTarget;
			buildConfigurationList = 0322CF9717AE9965007E832C /* Build configuration list for PBXNativeTarget "Allkdic" */;
			buildPhases = (
				C60E6D822A187974A1A628FA /* Check Pods Manifest.lock */,
				0322CF7617AE9964007E832C /* Sources */,
				0322CF7717AE9964007E832C /* Frameworks */,
				0322CF7817AE9964007E832C /* Resources */,
				6F85DC489B98FD151546756D /* Copy Pods Resources */,
				0303EDE91A066C8D00076CDF /* Embed Frameworks */,
				1AD6E8BCE08C1EFF354E00B4 /* Embed Pods Frameworks */,
			);
			buildRules = (
			);
			dependencies = (
			);
			name = Allkdic;
			productName = PocketDictionary;
			productReference = 0322CF7A17AE9965007E832C /* Allkdic.app */;
			productType = "com.apple.product-type.application";
		};
		0328DE021A0FA00D00160E93 /* AllkdicTests */ = {
			isa = PBXNativeTarget;
			buildConfigurationList = 0328DE0B1A0FA00D00160E93 /* Build configuration list for PBXNativeTarget "AllkdicTests" */;
			buildPhases = (
				0328DDFF1A0FA00D00160E93 /* Sources */,
				0328DE001A0FA00D00160E93 /* Frameworks */,
				0328DE011A0FA00D00160E93 /* Resources */,
			);
			buildRules = (
			);
			dependencies = (
				0328DE0A1A0FA00D00160E93 /* PBXTargetDependency */,
			);
			name = AllkdicTests;
			productName = AllkdicTests;
			productReference = 0328DE031A0FA00D00160E93 /* AllkdicTests.xctest */;
			productType = "com.apple.product-type.bundle.unit-test";
		};
/* End PBXNativeTarget section */

/* Begin PBXProject section */
		0322CF7217AE9964007E832C /* Project object */ = {
			isa = PBXProject;
			attributes = {
				LastUpgradeCheck = 0610;
				ORGANIZATIONNAME = Joyfl;
				TargetAttributes = {
					0328DE021A0FA00D00160E93 = {
						CreatedOnToolsVersion = 6.1;
						TestTargetID = 0322CF7917AE9964007E832C;
					};
				};
			};
			buildConfigurationList = 0322CF7517AE9964007E832C /* Build configuration list for PBXProject "Allkdic" */;
			compatibilityVersion = "Xcode 3.2";
			developmentRegion = English;
			hasScannedForEncodings = 0;
			knownRegions = (
				en,
			);
			mainGroup = 0322CF7117AE9964007E832C;
			productRefGroup = 0322CF7B17AE9965007E832C /* Products */;
			projectDirPath = "";
			projectRoot = "";
			targets = (
				0322CF7917AE9964007E832C /* Allkdic */,
				0328DE021A0FA00D00160E93 /* AllkdicTests */,
			);
		};
/* End PBXProject section */

/* Begin PBXResourcesBuildPhase section */
		0322CF7817AE9964007E832C /* Resources */ = {
			isa = PBXResourcesBuildPhase;
			buildActionMask = 2147483647;
			files = (
				03A5C49C1A05FDFF001122AB /* Images.xcassets in Resources */,
				0367293617B00CEC0074D249 /* InfoPlist.strings in Resources */,
				0367297717B052B70074D249 /* dsa_pub.pem in Resources */,
			);
			runOnlyForDeploymentPostprocessing = 0;
		};
		0328DE011A0FA00D00160E93 /* Resources */ = {
			isa = PBXResourcesBuildPhase;
			buildActionMask = 2147483647;
			files = (
			);
			runOnlyForDeploymentPostprocessing = 0;
		};
/* End PBXResourcesBuildPhase section */

/* Begin PBXShellScriptBuildPhase section */
		1AD6E8BCE08C1EFF354E00B4 /* Embed Pods Frameworks */ = {
			isa = PBXShellScriptBuildPhase;
			buildActionMask = 2147483647;
			files = (
			);
			inputPaths = (
			);
			name = "Embed Pods Frameworks";
			outputPaths = (
			);
			runOnlyForDeploymentPostprocessing = 0;
			shellPath = /bin/sh;
			shellScript = "\"${SRCROOT}/Pods/Target Support Files/Pods/Pods-frameworks.sh\"\n";
			showEnvVarsInLog = 0;
		};
		6F85DC489B98FD151546756D /* Copy Pods Resources */ = {
			isa = PBXShellScriptBuildPhase;
			buildActionMask = 2147483647;
			files = (
			);
			inputPaths = (
			);
			name = "Copy Pods Resources";
			outputPaths = (
			);
			runOnlyForDeploymentPostprocessing = 0;
			shellPath = /bin/sh;
			shellScript = "\"${SRCROOT}/Pods/Target Support Files/Pods/Pods-resources.sh\"\n";
			showEnvVarsInLog = 0;
		};
		C60E6D822A187974A1A628FA /* Check Pods Manifest.lock */ = {
			isa = PBXShellScriptBuildPhase;
			buildActionMask = 2147483647;
			files = (
			);
			inputPaths = (
			);
			name = "Check Pods Manifest.lock";
			outputPaths = (
			);
			runOnlyForDeploymentPostprocessing = 0;
			shellPath = /bin/sh;
			shellScript = "diff \"${PODS_ROOT}/../Podfile.lock\" \"${PODS_ROOT}/Manifest.lock\" > /dev/null\nif [[ $? != 0 ]] ; then\n    cat << EOM\nerror: The sandbox is not in sync with the Podfile.lock. Run 'pod install' or update your CocoaPods installation.\nEOM\n    exit 1\nfi\n";
			showEnvVarsInLog = 0;
		};
/* End PBXShellScriptBuildPhase section */

/* Begin PBXSourcesBuildPhase section */
		0322CF7617AE9964007E832C /* Sources */ = {
			isa = PBXSourcesBuildPhase;
			buildActionMask = 2147483647;
			files = (
				0349452419FBEE7100D7AEE2 /* ContentViewController.swift in Sources */,
				030E7FB81B3B2EB2009B3EB8 /* WebView+Key.m in Sources */,
				030E7FBA1B3B2F00009B3EB8 /* LoginItem.swift in Sources */,
				0315897319FD4E0D002D5A7C /* AboutWindowController.swift in Sources */,
				030E7FB71B3B2EB2009B3EB8 /* NSWindow+CanBecomeKeyWindow.swift in Sources */,
				0362B0CC19FD146B00C88610 /* PreferenceWindowController.swift in Sources */,
				0349451A19FB9D1800D7AEE2 /* AKHotKeyManager.m in Sources */,
				0349452019FBB24100D7AEE2 /* AllkdicManager.swift in Sources */,
				0349451719FB8D4D00D7AEE2 /* AppDelegate.swift in Sources */,
				030E7FBC1B3B3053009B3EB8 /* ApplicationFolder.swift in Sources */,
				0362B0CE19FD2D2B00C88610 /* WindowController.swift in Sources */,
				0349452219FBB68D00D7AEE2 /* Constants.swift in Sources */,
				0349451E19FBB01700D7AEE2 /* main.swift in Sources */,
				0315897519FD5069002D5A7C /* Label.swift in Sources */,
				0315897819FD50E1002D5A7C /* LabelButton.swift in Sources */,
				038DDCA81A051BE700754ECC /* KeyBinding.swift in Sources */,
				038DDCAA1A051DA800754ECC /* KeyMap.swift in Sources */,
			);
			runOnlyForDeploymentPostprocessing = 0;
		};
		0328DDFF1A0FA00D00160E93 /* Sources */ = {
			isa = PBXSourcesBuildPhase;
			buildActionMask = 2147483647;
			files = (
				0328DE081A0FA00D00160E93 /* AllkdicTests.swift in Sources */,
			);
			runOnlyForDeploymentPostprocessing = 0;
		};
/* End PBXSourcesBuildPhase section */

/* Begin PBXTargetDependency section */
		0328DE0A1A0FA00D00160E93 /* PBXTargetDependency */ = {
			isa = PBXTargetDependency;
			target = 0322CF7917AE9964007E832C /* Allkdic */;
			targetProxy = 0328DE091A0FA00D00160E93 /* PBXContainerItemProxy */;
		};
/* End PBXTargetDependency section */

/* Begin PBXVariantGroup section */
		0367293317B00CEC0074D249 /* InfoPlist.strings */ = {
			isa = PBXVariantGroup;
			children = (
				0367293417B00CEC0074D249 /* en */,
			);
			name = InfoPlist.strings;
			sourceTree = "<group>";
		};
/* End PBXVariantGroup section */

/* Begin XCBuildConfiguration section */
		0322CF9517AE9965007E832C /* Debug */ = {
			isa = XCBuildConfiguration;
			buildSettings = {
				ALWAYS_SEARCH_USER_PATHS = NO;
				CLANG_CXX_LANGUAGE_STANDARD = "gnu++0x";
				CLANG_CXX_LIBRARY = "libc++";
				CLANG_ENABLE_OBJC_ARC = YES;
				CLANG_WARN_CONSTANT_CONVERSION = YES;
				CLANG_WARN_EMPTY_BODY = YES;
				CLANG_WARN_ENUM_CONVERSION = YES;
				CLANG_WARN_INT_CONVERSION = YES;
				CLANG_WARN__DUPLICATE_METHOD_MATCH = YES;
				COPY_PHASE_STRIP = NO;
				FRAMEWORK_SEARCH_PATHS = "$(PROJECT_DIR)/Allkdic";
				GCC_C_LANGUAGE_STANDARD = gnu99;
				GCC_DYNAMIC_NO_PIC = NO;
				GCC_ENABLE_OBJC_EXCEPTIONS = YES;
				GCC_OPTIMIZATION_LEVEL = 0;
				GCC_PREPROCESSOR_DEFINITIONS = (
					"DEBUG=1",
					"$(inherited)",
				);
				GCC_SYMBOLS_PRIVATE_EXTERN = NO;
				GCC_WARN_64_TO_32_BIT_CONVERSION = YES;
				GCC_WARN_ABOUT_RETURN_TYPE = YES;
				GCC_WARN_UNINITIALIZED_AUTOS = YES;
				GCC_WARN_UNUSED_VARIABLE = YES;
				MACOSX_DEPLOYMENT_TARGET = 10.8;
				ONLY_ACTIVE_ARCH = YES;
				SDKROOT = macosx;
			};
			name = Debug;
		};
		0322CF9617AE9965007E832C /* Release */ = {
			isa = XCBuildConfiguration;
			buildSettings = {
				ALWAYS_SEARCH_USER_PATHS = NO;
				CLANG_CXX_LANGUAGE_STANDARD = "gnu++0x";
				CLANG_CXX_LIBRARY = "libc++";
				CLANG_ENABLE_OBJC_ARC = YES;
				CLANG_WARN_CONSTANT_CONVERSION = YES;
				CLANG_WARN_EMPTY_BODY = YES;
				CLANG_WARN_ENUM_CONVERSION = YES;
				CLANG_WARN_INT_CONVERSION = YES;
				CLANG_WARN__DUPLICATE_METHOD_MATCH = YES;
				COPY_PHASE_STRIP = YES;
				DEBUG_INFORMATION_FORMAT = "dwarf-with-dsym";
				FRAMEWORK_SEARCH_PATHS = "$(PROJECT_DIR)/Allkdic";
				GCC_C_LANGUAGE_STANDARD = gnu99;
				GCC_ENABLE_OBJC_EXCEPTIONS = YES;
				GCC_WARN_64_TO_32_BIT_CONVERSION = YES;
				GCC_WARN_ABOUT_RETURN_TYPE = YES;
				GCC_WARN_UNINITIALIZED_AUTOS = YES;
				GCC_WARN_UNUSED_VARIABLE = YES;
				MACOSX_DEPLOYMENT_TARGET = 10.8;
				SDKROOT = macosx;
			};
			name = Release;
		};
		0322CF9817AE9965007E832C /* Debug */ = {
			isa = XCBuildConfiguration;
			baseConfigurationReference = 9CF50E65AF462DCCD5388442 /* Pods.debug.xcconfig */;
			buildSettings = {
				ASSETCATALOG_COMPILER_APPICON_NAME = AppIcon;
				CLANG_ENABLE_MODULES = YES;
				COMBINE_HIDPI_IMAGES = YES;
				GCC_PRECOMPILE_PREFIX_HEADER = YES;
				GCC_PREFIX_HEADER = "";
				INFOPLIST_FILE = "$(SRCROOT)/Allkdic/Allkdic-Info.plist";
				LD_RUNPATH_SEARCH_PATHS = "$(inherited) @executable_path/../Frameworks";
				MACOSX_DEPLOYMENT_TARGET = 10.9;
				PRODUCT_NAME = Allkdic;
				SDKROOT = macosx;
				SWIFT_OBJC_BRIDGING_HEADER = "$(SRCROOT)/Allkdic/Allkdic-Bridging-Header.h";
				SWIFT_OPTIMIZATION_LEVEL = "-Onone";
				WRAPPER_EXTENSION = app;
			};
			name = Debug;
		};
		0322CF9917AE9965007E832C /* Release */ = {
			isa = XCBuildConfiguration;
			baseConfigurationReference = 2E78F3D61C060A3A00C1CAC1 /* Pods.release.xcconfig */;
			buildSettings = {
				ASSETCATALOG_COMPILER_APPICON_NAME = AppIcon;
				CLANG_ENABLE_MODULES = YES;
				COMBINE_HIDPI_IMAGES = YES;
				GCC_PRECOMPILE_PREFIX_HEADER = YES;
				GCC_PREFIX_HEADER = "";
				INFOPLIST_FILE = "$(SRCROOT)/Allkdic/Allkdic-Info.plist";
				LD_RUNPATH_SEARCH_PATHS = "$(inherited) @executable_path/../Frameworks";
				MACOSX_DEPLOYMENT_TARGET = 10.9;
				PRODUCT_NAME = Allkdic;
				SDKROOT = macosx;
				SWIFT_OBJC_BRIDGING_HEADER = "$(SRCROOT)/Allkdic/Allkdic-Bridging-Header.h";
				WRAPPER_EXTENSION = app;
			};
			name = Release;
		};
		0328DE0C1A0FA00D00160E93 /* Debug */ = {
			isa = XCBuildConfiguration;
			buildSettings = {
				BUNDLE_LOADER = "$(TEST_HOST)";
				CLANG_ENABLE_MODULES = YES;
				CLANG_WARN_BOOL_CONVERSION = YES;
				CLANG_WARN_DIRECT_OBJC_ISA_USAGE = YES_ERROR;
				CLANG_WARN_OBJC_ROOT_CLASS = YES_ERROR;
				CLANG_WARN_UNREACHABLE_CODE = YES;
				COMBINE_HIDPI_IMAGES = YES;
				ENABLE_STRICT_OBJC_MSGSEND = YES;
				FRAMEWORK_SEARCH_PATHS = (
					"$(DEVELOPER_FRAMEWORKS_DIR)",
					"$(inherited)",
				);
				GCC_PREPROCESSOR_DEFINITIONS = (
					"DEBUG=1",
					"$(inherited)",
				);
				GCC_WARN_ABOUT_RETURN_TYPE = YES_ERROR;
				GCC_WARN_UNDECLARED_SELECTOR = YES;
				GCC_WARN_UNINITIALIZED_AUTOS = YES_AGGRESSIVE;
				GCC_WARN_UNUSED_FUNCTION = YES;
				INFOPLIST_FILE = AllkdicTests/Info.plist;
				LD_RUNPATH_SEARCH_PATHS = "$(inherited) @executable_path/../Frameworks @loader_path/../Frameworks";
				MACOSX_DEPLOYMENT_TARGET = 10.10;
				MTL_ENABLE_DEBUG_INFO = YES;
				PRODUCT_NAME = "$(TARGET_NAME)";
				SWIFT_OPTIMIZATION_LEVEL = "-Onone";
				TEST_HOST = "$(BUILT_PRODUCTS_DIR)/Allkdic.app/Contents/MacOS/Allkdic";
			};
			name = Debug;
		};
		0328DE0D1A0FA00D00160E93 /* Release */ = {
			isa = XCBuildConfiguration;
			buildSettings = {
				BUNDLE_LOADER = "$(TEST_HOST)";
				CLANG_ENABLE_MODULES = YES;
				CLANG_WARN_BOOL_CONVERSION = YES;
				CLANG_WARN_DIRECT_OBJC_ISA_USAGE = YES_ERROR;
				CLANG_WARN_OBJC_ROOT_CLASS = YES_ERROR;
				CLANG_WARN_UNREACHABLE_CODE = YES;
				COMBINE_HIDPI_IMAGES = YES;
				ENABLE_NS_ASSERTIONS = NO;
				ENABLE_STRICT_OBJC_MSGSEND = YES;
				FRAMEWORK_SEARCH_PATHS = (
					"$(DEVELOPER_FRAMEWORKS_DIR)",
					"$(inherited)",
				);
				GCC_WARN_ABOUT_RETURN_TYPE = YES_ERROR;
				GCC_WARN_UNDECLARED_SELECTOR = YES;
				GCC_WARN_UNINITIALIZED_AUTOS = YES_AGGRESSIVE;
				GCC_WARN_UNUSED_FUNCTION = YES;
				INFOPLIST_FILE = AllkdicTests/Info.plist;
				LD_RUNPATH_SEARCH_PATHS = "$(inherited) @executable_path/../Frameworks @loader_path/../Frameworks";
				MACOSX_DEPLOYMENT_TARGET = 10.10;
				MTL_ENABLE_DEBUG_INFO = NO;
				PRODUCT_NAME = "$(TARGET_NAME)";
				TEST_HOST = "$(BUILT_PRODUCTS_DIR)/Allkdic.app/Contents/MacOS/Allkdic";
			};
			name = Release;
		};
/* End XCBuildConfiguration section */

/* Begin XCConfigurationList section */
		0322CF7517AE9964007E832C /* Build configuration list for PBXProject "Allkdic" */ = {
			isa = XCConfigurationList;
			buildConfigurations = (
				0322CF9517AE9965007E832C /* Debug */,
				0322CF9617AE9965007E832C /* Release */,
			);
			defaultConfigurationIsVisible = 0;
			defaultConfigurationName = Release;
		};
		0322CF9717AE9965007E832C /* Build configuration list for PBXNativeTarget "Allkdic" */ = {
			isa = XCConfigurationList;
			buildConfigurations = (
				0322CF9817AE9965007E832C /* Debug */,
				0322CF9917AE9965007E832C /* Release */,
			);
			defaultConfigurationIsVisible = 0;
			defaultConfigurationName = Release;
		};
		0328DE0B1A0FA00D00160E93 /* Build configuration list for PBXNativeTarget "AllkdicTests" */ = {
			isa = XCConfigurationList;
			buildConfigurations = (
				0328DE0C1A0FA00D00160E93 /* Debug */,
				0328DE0D1A0FA00D00160E93 /* Release */,
			);
			defaultConfigurationIsVisible = 0;
			defaultConfigurationName = Release;
		};
/* End XCConfigurationList section */
	};
	rootObject = 0322CF7217AE9964007E832C /* Project object */;
}
