PODS:
  - SimpleCocoaAnalytics (0.1.0)

DEPENDENCIES:
  - SimpleCocoaAnalytics (from `https://github.com/stephenlind/SimpleCocoaGoogleAnalytics`, tag `0.1.0`)

EXTERNAL SOURCES:
  SimpleCocoaAnalytics:
    :git: https://github.com/stephenlind/SimpleCocoaGoogleAnalytics
    :tag: 0.1.0

CHECKOUT OPTIONS:
  SimpleCocoaAnalytics:
    :git: https://github.com/stephenlind/SimpleCocoaGoogleAnalytics
    :tag: 0.1.0

SPEC CHECKSUMS:
  SimpleCocoaAnalytics: cc95e551884ec851002c668d15b71b8a73e92f56

PODFILE CHECKSUM: 655d8c230a588fe288db0fd56b3571458aad482e

COCOAPODS: 1.9.1
